
Microsoft Visual Studio Solution File, Format Version 12.00
# Visual Studio Version 17
VisualStudioVersion = 17.6.33815.320
MinimumVisualStudioVersion = 10.0.40219.1
Project("{FAE04EC0-301F-11D3-BF4B-00C04F79EFBC}") = "TandiifCom.Android", "TandiifCom\TandiifCom.Android\TandiifCom.Android.csproj", "{5CB61A26-15A0-4C6A-9EA6-60EFE593D672}"
EndProject
Project("{FAE04EC0-301F-11D3-BF4B-00C04F79EFBC}") = "TandiifCom.iOS", "TandiifCom\TandiifCom.iOS\TandiifCom.iOS.csproj", "{01A5DBC3-F9B7-4CEB-995B-CAD42B9DAA8D}"
EndProject
Project("{FAE04EC0-301F-11D3-BF4B-00C04F79EFBC}") = "TandiifCom", "TandiifCom\TandiifCom\TandiifCom.csproj", "{EE9FB054-583F-4798-824D-A36381F7F6E8}"
EndProject
Global
	GlobalSection(SolutionConfigurationPlatforms) = preSolution
		Debug|Any CPU = Debug|Any CPU
		Debug|iPhone = Debug|iPhone
		Debug|iPhoneSimulator = Debug|iPhoneSimulator
		Release|Any CPU = Release|Any CPU
		Release|iPhone = Release|iPhone
		Release|iPhoneSimulator = Release|iPhoneSimulator
	EndGlobalSection
	GlobalSection(ProjectConfigurationPlatforms) = postSolution
		{5CB61A26-15A0-4C6A-9EA6-60EFE593D672}.Debug|Any CPU.ActiveCfg = Debug|Any CPU
		{5CB61A26-15A0-4C6A-9EA6-60EFE593D672}.Debug|Any CPU.Build.0 = Debug|Any CPU
		{5CB61A26-15A0-4C6A-9EA6-60EFE593D672}.Debug|Any CPU.Deploy.0 = Debug|Any CPU
		{5CB61A26-15A0-4C6A-9EA6-60EFE593D672}.Debug|iPhone.ActiveCfg = Debug|Any CPU
		{5CB61A26-15A0-4C6A-9EA6-60EFE593D672}.Debug|iPhone.Build.0 = Debug|Any CPU
		{5CB61A26-15A0-4C6A-9EA6-60EFE593D672}.Debug|iPhone.Deploy.0 = Debug|Any CPU
		{5CB61A26-15A0-4C6A-9EA6-60EFE593D672}.Debug|iPhoneSimulator.ActiveCfg = Debug|Any CPU
		{5CB61A26-15A0-4C6A-9EA6-60EFE593D672}.Debug|iPhoneSimulator.Build.0 = Debug|Any CPU
		{5CB61A26-15A0-4C6A-9EA6-60EFE593D672}.Debug|iPhoneSimulator.Deploy.0 = Debug|Any CPU
		{5CB61A26-15A0-4C6A-9EA6-60EFE593D672}.Release|Any CPU.ActiveCfg = Release|Any CPU
		{5CB61A26-15A0-4C6A-9EA6-60EFE593D672}.Release|Any CPU.Build.0 = Release|Any CPU
		{5CB61A26-15A0-4C6A-9EA6-60EFE593D672}.Release|Any CPU.Deploy.0 = Release|Any CPU
		{5CB61A26-15A0-4C6A-9EA6-60EFE593D672}.Release|iPhone.ActiveCfg = Release|Any CPU
		{5CB61A26-15A0-4C6A-9EA6-60EFE593D672}.Release|iPhone.Build.0 = Release|Any CPU
		{5CB61A26-15A0-4C6A-9EA6-60EFE593D672}.Release|iPhone.Deploy.0 = Release|Any CPU
		{5CB61A26-15A0-4C6A-9EA6-60EFE593D672}.Release|iPhoneSimulator.ActiveCfg = Release|Any CPU
		{5CB61A26-15A0-4C6A-9EA6-60EFE593D672}.Release|iPhoneSimulator.Build.0 = Release|Any CPU
		{5CB61A26-15A0-4C6A-9EA6-60EFE593D672}.Release|iPhoneSimulator.Deploy.0 = Release|Any CPU
		{01A5DBC3-F9B7-4CEB-995B-CAD42B9DAA8D}.Debug|Any CPU.ActiveCfg = Debug|iPhone
		{01A5DBC3-F9B7-4CEB-995B-CAD42B9DAA8D}.Debug|Any CPU.Build.0 = Debug|iPhone
		{01A5DBC3-F9B7-4CEB-995B-CAD42B9DAA8D}.Debug|Any CPU.Deploy.0 = Debug|iPhone
		{01A5DBC3-F9B7-4CEB-995B-CAD42B9DAA8D}.Debug|iPhone.ActiveCfg = Debug|iPhone
		{01A5DBC3-F9B7-4CEB-995B-CAD42B9DAA8D}.Debug|iPhone.Build.0 = Debug|iPhone
		{01A5DBC3-F9B7-4CEB-995B-CAD42B9DAA8D}.Debug|iPhone.Deploy.0 = Debug|iPhone
		{01A5DBC3-F9B7-4CEB-995B-CAD42B9DAA8D}.Debug|iPhoneSimulator.ActiveCfg = Debug|iPhoneSimulator
		{01A5DBC3-F9B7-4CEB-995B-CAD42B9DAA8D}.Debug|iPhoneSimulator.Build.0 = Debug|iPhoneSimulator
		{01A5DBC3-F9B7-4CEB-995B-CAD42B9DAA8D}.Debug|iPhoneSimulator.Deploy.0 = Debug|iPhoneSimulator
		{01A5DBC3-F9B7-4CEB-995B-CAD42B9DAA8D}.Release|Any CPU.ActiveCfg = Release|iPhoneSimulator
		{01A5DBC3-F9B7-4CEB-995B-CAD42B9DAA8D}.Release|Any CPU.Build.0 = Release|iPhoneSimulator
		{01A5DBC3-F9B7-4CEB-995B-CAD42B9DAA8D}.Release|Any CPU.Deploy.0 = Release|iPhoneSimulator
		{01A5DBC3-F9B7-4CEB-995B-CAD42B9DAA8D}.Release|iPhone.ActiveCfg = Release|iPhone
		{01A5DBC3-F9B7-4CEB-995B-CAD42B9DAA8D}.Release|iPhone.Build.0 = Release|iPhone
		{01A5DBC3-F9B7-4CEB-995B-CAD42B9DAA8D}.Release|iPhone.Deploy.0 = Release|iPhone
		{01A5DBC3-F9B7-4CEB-995B-CAD42B9DAA8D}.Release|iPhoneSimulator.ActiveCfg = Release|iPhoneSimulator
		{01A5DBC3-F9B7-4CEB-995B-CAD42B9DAA8D}.Release|iPhoneSimulator.Build.0 = Release|iPhoneSimulator
		{01A5DBC3-F9B7-4CEB-995B-CAD42B9DAA8D}.Release|iPhoneSimulator.Deploy.0 = Release|iPhoneSimulator
		{EE9FB054-583F-4798-824D-A36381F7F6E8}.Debug|Any CPU.ActiveCfg = Debug|Any CPU
		{EE9FB054-583F-4798-824D-A36381F7F6E8}.Debug|Any CPU.Build.0 = Debug|Any CPU
		{EE9FB054-583F-4798-824D-A36381F7F6E8}.Debug|Any CPU.Deploy.0 = Debug|Any CPU
		{EE9FB054-583F-4798-824D-A36381F7F6E8}.Debug|iPhone.ActiveCfg = Debug|Any CPU
		{EE9FB054-583F-4798-824D-A36381F7F6E8}.Debug|iPhone.Build.0 = Debug|Any CPU
		{EE9FB054-583F-4798-824D-A36381F7F6E8}.Debug|iPhone.Deploy.0 = Debug|Any CPU
		{EE9FB054-583F-4798-824D-A36381F7F6E8}.Debug|iPhoneSimulator.ActiveCfg = Debug|Any CPU
		{EE9FB054-583F-4798-824D-A36381F7F6E8}.Debug|iPhoneSimulator.Build.0 = Debug|Any CPU
		{EE9FB054-583F-4798-824D-A36381F7F6E8}.Debug|iPhoneSimulator.Deploy.0 = Debug|Any CPU
		{EE9FB054-583F-4798-824D-A36381F7F6E8}.Release|Any CPU.ActiveCfg = Release|Any CPU
		{EE9FB054-583F-4798-824D-A36381F7F6E8}.Release|Any CPU.Build.0 = Release|Any CPU
		{EE9FB054-583F-4798-824D-A36381F7F6E8}.Release|Any CPU.Deploy.0 = Release|Any CPU
		{EE9FB054-583F-4798-824D-A36381F7F6E8}.Release|iPhone.ActiveCfg = Release|Any CPU
		{EE9FB054-583F-4798-824D-A36381F7F6E8}.Release|iPhone.Build.0 = Release|Any CPU
		{EE9FB054-583F-4798-824D-A36381F7F6E8}.Release|iPhone.Deploy.0 = Release|Any CPU
		{EE9FB054-583F-4798-824D-A36381F7F6E8}.Release|iPhoneSimulator.ActiveCfg = Release|Any CPU
		{EE9FB054-583F-4798-824D-A36381F7F6E8}.Release|iPhoneSimulator.Build.0 = Release|Any CPU
		{EE9FB054-583F-4798-824D-A36381F7F6E8}.Release|iPhoneSimulator.Deploy.0 = Release|Any CPU
	EndGlobalSection
	GlobalSection(SolutionProperties) = preSolution
		HideSolutionNode = FALSE
	EndGlobalSection
	GlobalSection(ExtensibilityGlobals) = postSolution
		SolutionGuid = {B734F0E6-F306-41BD-885C-9049FA08AE85}
	EndGlobalSection
EndGlobal
